
Microsoft Visual Studio Solution File, Format Version 12.00
# Visual Studio Version 17
VisualStudioVersion = 17.0.31903.59
MinimumVisualStudioVersion = 10.0.40219.1
Project("{FAE04EC0-301F-11D3-BF4B-00C04F79EFBC}") = "Day1", "Day1\Day1.csproj", "{2B4F7468-7306-434E-871C-CC8F359D7FD4}"
EndProject
Project("{FAE04EC0-301F-11D3-BF4B-00C04F79EFBC}") = "Helpers", "Helpers\Helpers.csproj", "{6B82FA92-C243-4C39-A36F-0D328EFFD994}"
EndProject
Project("{FAE04EC0-301F-11D3-BF4B-00C04F79EFBC}") = "Day2", "Day2\Day2.csproj", "{AE33F3E7-D514-4DAF-B677-76A3887A4B79}"
EndProject
Project("{FAE04EC0-301F-11D3-BF4B-00C04F79EFBC}") = "Day3", "Day3\Day3.csproj", "{4F56A2A5-08D0-4798-96CA-756800CB6D8C}"
EndProject
Global
	GlobalSection(SolutionConfigurationPlatforms) = preSolution
		Debug|Any CPU = Debug|Any CPU
		Release|Any CPU = Release|Any CPU
	EndGlobalSection
	GlobalSection(SolutionProperties) = preSolution
		HideSolutionNode = FALSE
	EndGlobalSection
	GlobalSection(ProjectConfigurationPlatforms) = postSolution
		{2B4F7468-7306-434E-871C-CC8F359D7FD4}.Debug|Any CPU.ActiveCfg = Debug|Any CPU
		{2B4F7468-7306-434E-871C-CC8F359D7FD4}.Debug|Any CPU.Build.0 = Debug|Any CPU
		{2B4F7468-7306-434E-871C-CC8F359D7FD4}.Release|Any CPU.ActiveCfg = Release|Any CPU
		{2B4F7468-7306-434E-871C-CC8F359D7FD4}.Release|Any CPU.Build.0 = Release|Any CPU
		{6B82FA92-C243-4C39-A36F-0D328EFFD994}.Debug|Any CPU.ActiveCfg = Debug|Any CPU
		{6B82FA92-C243-4C39-A36F-0D328EFFD994}.Debug|Any CPU.Build.0 = Debug|Any CPU
		{6B82FA92-C243-4C39-A36F-0D328EFFD994}.Release|Any CPU.ActiveCfg = Release|Any CPU
		{6B82FA92-C243-4C39-A36F-0D328EFFD994}.Release|Any CPU.Build.0 = Release|Any CPU
		{AE33F3E7-D514-4DAF-B677-76A3887A4B79}.Debug|Any CPU.ActiveCfg = Debug|Any CPU
		{AE33F3E7-D514-4DAF-B677-76A3887A4B79}.Debug|Any CPU.Build.0 = Debug|Any CPU
		{AE33F3E7-D514-4DAF-B677-76A3887A4B79}.Release|Any CPU.ActiveCfg = Release|Any CPU
		{AE33F3E7-D514-4DAF-B677-76A3887A4B79}.Release|Any CPU.Build.0 = Release|Any CPU
		{4F56A2A5-08D0-4798-96CA-756800CB6D8C}.Debug|Any CPU.ActiveCfg = Debug|Any CPU
		{4F56A2A5-08D0-4798-96CA-756800CB6D8C}.Debug|Any CPU.Build.0 = Debug|Any CPU
		{4F56A2A5-08D0-4798-96CA-756800CB6D8C}.Release|Any CPU.ActiveCfg = Release|Any CPU
		{4F56A2A5-08D0-4798-96CA-756800CB6D8C}.Release|Any CPU.Build.0 = Release|Any CPU
	EndGlobalSection
EndGlobal
